version = 1
revision = 2
requires-python = ">=3.13"

[[package]]
name = "asyncio"
version = "3.4.3"
source = { registry = "https://pypi.org/simple" }
sdist = { url = "https://files.pythonhosted.org/packages/da/54/054bafaf2c0fb8473d423743e191fcdf49b2c1fd5e9af3524efbe097bafd/asyncio-3.4.3.tar.gz", hash = "sha256:83360ff8bc97980e4ff25c964c7bd3923d333d177aa4f7fb736b019f26c7cb41", size = 204411, upload-time = "2015-03-10T14:11:26.494Z" }
wheels = [
    { url = "https://files.pythonhosted.org/packages/22/74/07679c5b9f98a7cb0fc147b1ef1cc1853bc07a4eb9cb5731e24732c5f773/asyncio-3.4.3-py3-none-any.whl", hash = "sha256:c4d18b22701821de07bd6aea8b53d21449ec0ec5680645e5317062ea21817d2d", size = 101767, upload-time = "2015-03-10T14:05:10.959Z" },
]

[[package]]
name = "colorama"
version = "0.4.6"
source = { registry = "https://pypi.org/simple" }
sdist = { url = "https://files.pythonhosted.org/packages/d8/53/6f443c9a4a8358a93a6792e2acffb9d9d5cb0a5cfd8802644b7b1c9a02e4/colorama-0.4.6.tar.gz", hash = "sha256:08695f5cb7ed6e0531a20572697297273c47b8cae5a63ffc6d6ed5c201be6e44", size = 27697, upload-time = "2022-10-25T02:36:22.414Z" }
wheels = [
    { url = "https://files.pythonhosted.org/packages/d1/d6/3965ed04c63042e047cb6a3e6ed1a63a35087b6a609aa3a15ed8ac56c221/colorama-0.4.6-py2.py3-none-any.whl", hash = "sha256:4f1d9991f5acc0ca119f9d443620b77f9d6b33703e51011c16baf57afb285fc6", size = 25335, upload-time = "2022-10-25T02:36:20.889Z" },
]

[[package]]
name = "gitoxide"
version = "0.1.0"
source = { virtual = "." }
dependencies = [
    { name = "asyncio" },
    { name = "maturin" },
    { name = "pyclean" },
    { name = "pytest" },
    { name = "pytest-asyncio" },
]

[package.metadata]
requires-dist = [
    { name = "asyncio", specifier = ">=3.4.3" },
    { name = "maturin", specifier = ">=1.8.4" },
    { name = "pyclean", specifier = ">=3.1.0" },
    { name = "pytest", specifier = ">=8.3.5" },
    { name = "pytest-asyncio", specifier = ">=0.26.0" },
]

[[package]]
name = "iniconfig"
version = "2.1.0"
source = { registry = "https://pypi.org/simple" }
sdist = { url = "https://files.pythonhosted.org/packages/f2/97/ebf4da567aa6827c909642694d71c9fcf53e5b504f2d96afea02718862f3/iniconfig-2.1.0.tar.gz", hash = "sha256:3abbd2e30b36733fee78f9c7f7308f2d0050e88f0087fd25c2645f63c773e1c7", size = 4793, upload-time = "2025-03-19T20:09:59.721Z" }
wheels = [
    { url = "https://files.pythonhosted.org/packages/2c/e1/e6716421ea10d38022b952c159d5161ca1193197fb744506875fbb87ea7b/iniconfig-2.1.0-py3-none-any.whl", hash = "sha256:9deba5723312380e77435581c6bf4935c94cbfab9b1ed33ef8d238ea168eb760", size = 6050, upload-time = "2025-03-19T20:10:01.071Z" },
]

[[package]]
name = "maturin"
version = "1.8.4"
source = { registry = "https://pypi.org/simple" }
sdist = { url = "https://files.pythonhosted.org/packages/e0/23/bc3cfe0537e82a9f6d5aeef79066df5179c27e64bb536917d7b3fcec1232/maturin-1.8.4.tar.gz", hash = "sha256:abe251545c3bf172b9514460d46ba22eaf2ca6c4310f7b06cebf69b4d365e4f7", size = 202943, upload-time = "2025-05-09T10:03:40.499Z" }
wheels = [
    { url = "https://files.pythonhosted.org/packages/c5/33/f1c9df08b459599c4fa190b5e50b22db2f04bb69a1384030cb06d97c5e13/maturin-1.8.4-py3-none-linux_armv6l.whl", hash = "sha256:85b45d624cc3acb326d45c9b149870c5ffe6e2aac4cfe9a82edfa662967c09d0", size = 7841511, upload-time = "2025-05-09T10:03:17.277Z" },
    { url = "https://files.pythonhosted.org/packages/4c/4a/936b16df373a1e184d7f364527deceb5f64bdad89ef1e14e379205d73ce0/maturin-1.8.4-py3-none-macosx_10_12_x86_64.macosx_11_0_arm64.macosx_10_12_universal2.whl", hash = "sha256:ffeb2b7b31abc8c3232ae5cfd37cb200701486b4deaf68b251f70e851f5a989a", size = 15279797, upload-time = "2025-05-09T10:03:20.6Z" },
    { url = "https://files.pythonhosted.org/packages/76/8c/d3b28b6413fc9088db7aabe57ed626fe8999182aaef18672edf3180201f6/maturin-1.8.4-py3-none-macosx_10_12_x86_64.whl", hash = "sha256:28a6efab7227da723d29d93fef271ef2065bf2f04b78c3034aecd471dce92be3", size = 7972628, upload-time = "2025-05-09T10:03:22.995Z" },
    { url = "https://files.pythonhosted.org/packages/e4/be/1a7d1ffbb8159d351ec6b62cb1730bd023bd8ffaf8b961fbb45a54873177/maturin-1.8.4-py3-none-manylinux_2_12_i686.manylinux2010_i686.musllinux_1_1_i686.whl", hash = "sha256:1f01b38c2ff34e596732b1ad4e11b1f5db9d2c55e5e5169d3bc6686a392a431e", size = 7830871, upload-time = "2025-05-09T10:03:24.507Z" },
    { url = "https://files.pythonhosted.org/packages/5e/25/079a85e4a8adccdcc1292973f79f297a1f1bba0c3574ccf36d0f646348d1/maturin-1.8.4-py3-none-manylinux_2_12_x86_64.manylinux2010_x86_64.musllinux_1_1_x86_64.whl", hash = "sha256:5e785979409bd54d8baf10cabcde71168b6be172f701e3e37459b445dccdaf3d", size = 8290766, upload-time = "2025-05-09T10:03:25.993Z" },
    { url = "https://files.pythonhosted.org/packages/a4/fc/f6294f2c419ef967018964f027f9c7ba9d9e75633bada3a31bee8558429c/maturin-1.8.4-py3-none-manylinux_2_17_aarch64.manylinux2014_aarch64.musllinux_1_1_aarch64.whl", hash = "sha256:78a846a7ba5563c87a47a27ca6247b6fb374d1b27429276b5a2b85f284034543", size = 7626910, upload-time = "2025-05-09T10:03:27.882Z" },
    { url = "https://files.pythonhosted.org/packages/18/c4/e71f7999adf2063e57692522cfb85acaef79956876a120b09761b194808e/maturin-1.8.4-py3-none-manylinux_2_17_armv7l.manylinux2014_armv7l.musllinux_1_1_armv7l.whl", hash = "sha256:8c56e107ea3a4484b31912fa353a800b1ca7647993858dbb46c2013df5c23f34", size = 7694089, upload-time = "2025-05-09T10:03:29.505Z" },
    { url = "https://files.pythonhosted.org/packages/44/e3/de310efe6c813e1778858d6c9b2f24c0a9eec691f57ed6786b154fc362f5/maturin-1.8.4-py3-none-manylinux_2_17_ppc64le.manylinux2014_ppc64le.musllinux_1_1_ppc64le.whl", hash = "sha256:8b942711bd7ecfb3f0809bb895c1a36f05d901d69fa96d66cf6868971dca2236", size = 9765925, upload-time = "2025-05-09T10:03:31.192Z" },
    { url = "https://files.pythonhosted.org/packages/6f/5e/9cee15f50b505e8617ff808f46f143e38d9cad14a4d92d68e8d06ab79022/maturin-1.8.4-py3-none-manylinux_2_17_s390x.manylinux2014_s390x.whl", hash = "sha256:b3d2a551ffc2ed19f7e18fa5ce40edb856281f05b443b8b92a7d9a2612f153b8", size = 11019987, upload-time = "2025-05-09T10:03:33.373Z" },
    { url = "https://files.pythonhosted.org/packages/56/d8/1f4191ba6889c6c9618a566031c40f3fdd38491d7d1e43ec2178b642dcd3/maturin-1.8.4-py3-none-win32.whl", hash = "sha256:de700dac5cbaa0f3c72bb1933f142ee795047a57e83b1af8753586597b13d11e", size = 7010464, upload-time = "2025-05-09T10:03:35.672Z" },
    { url = "https://files.pythonhosted.org/packages/30/56/cd751f8d68ff5f0ed7c0f44c3ab62858fd2e7c8be93ef303f9e8e739a755/maturin-1.8.4-py3-none-win_amd64.whl", hash = "sha256:bd3d2262cb9581e7a383ab6fde6a96875b59d21091e8db5f6058fa0c4a97aca2", size = 7947398, upload-time = "2025-05-09T10:03:37.256Z" },
    { url = "https://files.pythonhosted.org/packages/57/3b/9eaf6ecc5a9caedb1801e613967852e9ce6198e71edffd6dce2eb6dd695d/maturin-1.8.4-py3-none-win_arm64.whl", hash = "sha256:1177706bdda1aab84783fa04619dcedd6eb48477e6895704063478855ba5c9de", size = 6688954, upload-time = "2025-05-09T10:03:38.767Z" },
]

[[package]]
name = "packaging"
version = "25.0"
source = { registry = "https://pypi.org/simple" }
sdist = { url = "https://files.pythonhosted.org/packages/a1/d4/1fc4078c65507b51b96ca8f8c3ba19e6a61c8253c72794544580a7b6c24d/packaging-25.0.tar.gz", hash = "sha256:d443872c98d677bf60f6a1f2f8c1cb748e8fe762d2bf9d3148b5599295b0fc4f", size = 165727, upload-time = "2025-04-19T11:48:59.673Z" }
wheels = [
    { url = "https://files.pythonhosted.org/packages/20/12/38679034af332785aac8774540895e234f4d07f7545804097de4b666afd8/packaging-25.0-py3-none-any.whl", hash = "sha256:29572ef2b1f17581046b3a2227d5c611fb25ec70ca1ba8554b24b0e69331a484", size = 66469, upload-time = "2025-04-19T11:48:57.875Z" },
]

[[package]]
name = "pluggy"
version = "1.5.0"
source = { registry = "https://pypi.org/simple" }
sdist = { url = "https://files.pythonhosted.org/packages/96/2d/02d4312c973c6050a18b314a5ad0b3210edb65a906f868e31c111dede4a6/pluggy-1.5.0.tar.gz", hash = "sha256:2cffa88e94fdc978c4c574f15f9e59b7f4201d439195c3715ca9e2486f1d0cf1", size = 67955, upload-time = "2024-04-20T21:34:42.531Z" }
wheels = [
    { url = "https://files.pythonhosted.org/packages/88/5f/e351af9a41f866ac3f1fac4ca0613908d9a41741cfcf2228f4ad853b697d/pluggy-1.5.0-py3-none-any.whl", hash = "sha256:44e1ad92c8ca002de6377e165f3e0f1be63266ab4d554740532335b9d75ea669", size = 20556, upload-time = "2024-04-20T21:34:40.434Z" },
]

[[package]]
name = "pyclean"
version = "3.1.0"
source = { registry = "https://pypi.org/simple" }
sdist = { url = "https://files.pythonhosted.org/packages/04/6c/a7c0cfd4013405408aa894ee2dace6fdbad58f379344aba2396dfea85d46/pyclean-3.1.0.tar.gz", hash = "sha256:d23fa900558696e08c79401c79f242fe6f7f38fd58ccd035f875a01c5bc7a6fc", size = 46150, upload-time = "2025-01-11T21:01:09.674Z" }
wheels = [
    { url = "https://files.pythonhosted.org/packages/cf/6d/a0d36ecfe8849d029f0dfbac5733e8b74732ff3f86fa75a501107903c54b/pyclean-3.1.0-py3-none-any.whl", hash = "sha256:46652f7416816924cab565cd045d0c341237aced0368a3727d66b5192c16728c", size = 21588, upload-time = "2025-01-11T21:01:05.657Z" },
]

[[package]]
name = "pytest"
version = "8.3.5"
source = { registry = "https://pypi.org/simple" }
dependencies = [
    { name = "colorama", marker = "sys_platform == 'win32'" },
    { name = "iniconfig" },
    { name = "packaging" },
    { name = "pluggy" },
]
sdist = { url = "https://files.pythonhosted.org/packages/ae/3c/c9d525a414d506893f0cd8a8d0de7706446213181570cdbd766691164e40/pytest-8.3.5.tar.gz", hash = "sha256:f4efe70cc14e511565ac476b57c279e12a855b11f48f212af1080ef2263d3845", size = 1450891, upload-time = "2025-03-02T12:54:54.503Z" }
wheels = [
    { url = "https://files.pythonhosted.org/packages/30/3d/64ad57c803f1fa1e963a7946b6e0fea4a70df53c1a7fed304586539c2bac/pytest-8.3.5-py3-none-any.whl", hash = "sha256:c69214aa47deac29fad6c2a4f590b9c4a9fdb16a403176fe154b79c0b4d4d820", size = 343634, upload-time = "2025-03-02T12:54:52.069Z" },
]

[[package]]
name = "pytest-asyncio"
version = "0.26.0"
source = { registry = "https://pypi.org/simple" }
dependencies = [
    { name = "pytest" },
]
sdist = { url = "https://files.pythonhosted.org/packages/8e/c4/453c52c659521066969523e87d85d54139bbd17b78f09532fb8eb8cdb58e/pytest_asyncio-0.26.0.tar.gz", hash = "sha256:c4df2a697648241ff39e7f0e4a73050b03f123f760673956cf0d72a4990e312f", size = 54156, upload-time = "2025-03-25T06:22:28.883Z" }
wheels = [
    { url = "https://files.pythonhosted.org/packages/20/7f/338843f449ace853647ace35870874f69a764d251872ed1b4de9f234822c/pytest_asyncio-0.26.0-py3-none-any.whl", hash = "sha256:7b51ed894f4fbea1340262bdae5135797ebbe21d8638978e35d31c6d19f72fb0", size = 19694, upload-time = "2025-03-25T06:22:27.807Z" },
]
